
Microsoft Visual Studio Solution File, Format Version 12.00
# Visual Studio Version 17
VisualStudioVersion = 17.0.31903.59
MinimumVisualStudioVersion = 10.0.40219.1
Project("{FAE04EC0-301F-11D3-BF4B-00C04F79EFBC}") = "CQRS.CORE", "..\CQRS.ES\CQRS.CORE\CQRS.CORE.csproj", "{6272737C-8D64-4EF6-AC59-9B21286A2BCE}"
EndProject
Project("{2150E333-8FDC-42A3-9474-1A3956D46DE8}") = "Room.CMD", "Room.CMD", "{AB6A002F-D261-4596-9604-EFECAFA69C5E}"
EndProject
Project("{FAE04EC0-301F-11D3-BF4B-00C04F79EFBC}") = "Room.CMD.API", "Room.CMD\Room.CMD.API\Room.CMD.API.csproj", "{EC59FF1D-6DAB-4657-8FB5-3CA104777B44}"
EndProject
Project("{FAE04EC0-301F-11D3-BF4B-00C04F79EFBC}") = "Room.CMD.Domain", "Room.CMD\Room.CMD.DOMAIN\Room.CMD.Domain.csproj", "{2ED5DB88-3674-466E-9615-4E846E9158CF}"
EndProject
Project("{FAE04EC0-301F-11D3-BF4B-00C04F79EFBC}") = "Room.CMD.Infrastructure", "Room.CMD\Room.CMD.Infrastructure\Room.CMD.Infrastructure.csproj", "{1B75BF68-8534-4569-9481-E00FC6E59068}"
EndProject
Project("{FAE04EC0-301F-11D3-BF4B-00C04F79EFBC}") = "Room.Common", "Room.Common\Room.Common.csproj", "{B7DB3C32-37D9-4283-83BA-7381435B2363}"
EndProject
Project("{2150E333-8FDC-42A3-9474-1A3956D46DE8}") = "Room.Query", "Room.Query", "{38103A9E-37CB-4FAD-9C3D-3F5049EA2386}"
EndProject
Project("{FAE04EC0-301F-11D3-BF4B-00C04F79EFBC}") = "Room.Query.Api", "Room.Query\Room.Query.API\Room.Query.Api.csproj", "{E5153561-5376-4003-BD02-CA278C4FE87C}"
EndProject
Project("{FAE04EC0-301F-11D3-BF4B-00C04F79EFBC}") = "Room.Query.Domain", "Room.Query\Room.Query.Domain\Room.Query.Domain.csproj", "{10741086-6640-486D-9719-478C5CCF1013}"
EndProject
Project("{FAE04EC0-301F-11D3-BF4B-00C04F79EFBC}") = "Room.Query.Infrastructure", "Room.Query\Room.Query.Infrastructure\Room.Query.Infrastructure.csproj", "{B6978A20-FB6F-440A-8A31-EEE5876C8F01}"
EndProject
Global
	GlobalSection(SolutionConfigurationPlatforms) = preSolution
		Debug|Any CPU = Debug|Any CPU
		Release|Any CPU = Release|Any CPU
	EndGlobalSection
	GlobalSection(SolutionProperties) = preSolution
		HideSolutionNode = FALSE
	EndGlobalSection
	GlobalSection(ProjectConfigurationPlatforms) = postSolution
		{6272737C-8D64-4EF6-AC59-9B21286A2BCE}.Debug|Any CPU.ActiveCfg = Debug|Any CPU
		{6272737C-8D64-4EF6-AC59-9B21286A2BCE}.Debug|Any CPU.Build.0 = Debug|Any CPU
		{6272737C-8D64-4EF6-AC59-9B21286A2BCE}.Release|Any CPU.ActiveCfg = Release|Any CPU
		{6272737C-8D64-4EF6-AC59-9B21286A2BCE}.Release|Any CPU.Build.0 = Release|Any CPU
		{EC59FF1D-6DAB-4657-8FB5-3CA104777B44}.Debug|Any CPU.ActiveCfg = Debug|Any CPU
		{EC59FF1D-6DAB-4657-8FB5-3CA104777B44}.Debug|Any CPU.Build.0 = Debug|Any CPU
		{EC59FF1D-6DAB-4657-8FB5-3CA104777B44}.Release|Any CPU.ActiveCfg = Release|Any CPU
		{EC59FF1D-6DAB-4657-8FB5-3CA104777B44}.Release|Any CPU.Build.0 = Release|Any CPU
		{2ED5DB88-3674-466E-9615-4E846E9158CF}.Debug|Any CPU.ActiveCfg = Debug|Any CPU
		{2ED5DB88-3674-466E-9615-4E846E9158CF}.Debug|Any CPU.Build.0 = Debug|Any CPU
		{2ED5DB88-3674-466E-9615-4E846E9158CF}.Release|Any CPU.ActiveCfg = Release|Any CPU
		{2ED5DB88-3674-466E-9615-4E846E9158CF}.Release|Any CPU.Build.0 = Release|Any CPU
		{1B75BF68-8534-4569-9481-E00FC6E59068}.Debug|Any CPU.ActiveCfg = Debug|Any CPU
		{1B75BF68-8534-4569-9481-E00FC6E59068}.Debug|Any CPU.Build.0 = Debug|Any CPU
		{1B75BF68-8534-4569-9481-E00FC6E59068}.Release|Any CPU.ActiveCfg = Release|Any CPU
		{1B75BF68-8534-4569-9481-E00FC6E59068}.Release|Any CPU.Build.0 = Release|Any CPU
		{B7DB3C32-37D9-4283-83BA-7381435B2363}.Debug|Any CPU.ActiveCfg = Debug|Any CPU
		{B7DB3C32-37D9-4283-83BA-7381435B2363}.Debug|Any CPU.Build.0 = Debug|Any CPU
		{B7DB3C32-37D9-4283-83BA-7381435B2363}.Release|Any CPU.ActiveCfg = Release|Any CPU
		{B7DB3C32-37D9-4283-83BA-7381435B2363}.Release|Any CPU.Build.0 = Release|Any CPU
		{E5153561-5376-4003-BD02-CA278C4FE87C}.Debug|Any CPU.ActiveCfg = Debug|Any CPU
		{E5153561-5376-4003-BD02-CA278C4FE87C}.Debug|Any CPU.Build.0 = Debug|Any CPU
		{E5153561-5376-4003-BD02-CA278C4FE87C}.Release|Any CPU.ActiveCfg = Release|Any CPU
		{E5153561-5376-4003-BD02-CA278C4FE87C}.Release|Any CPU.Build.0 = Release|Any CPU
		{10741086-6640-486D-9719-478C5CCF1013}.Debug|Any CPU.ActiveCfg = Debug|Any CPU
		{10741086-6640-486D-9719-478C5CCF1013}.Debug|Any CPU.Build.0 = Debug|Any CPU
		{10741086-6640-486D-9719-478C5CCF1013}.Release|Any CPU.ActiveCfg = Release|Any CPU
		{10741086-6640-486D-9719-478C5CCF1013}.Release|Any CPU.Build.0 = Release|Any CPU
		{B6978A20-FB6F-440A-8A31-EEE5876C8F01}.Debug|Any CPU.ActiveCfg = Debug|Any CPU
		{B6978A20-FB6F-440A-8A31-EEE5876C8F01}.Debug|Any CPU.Build.0 = Debug|Any CPU
		{B6978A20-FB6F-440A-8A31-EEE5876C8F01}.Release|Any CPU.ActiveCfg = Release|Any CPU
		{B6978A20-FB6F-440A-8A31-EEE5876C8F01}.Release|Any CPU.Build.0 = Release|Any CPU
	EndGlobalSection
	GlobalSection(NestedProjects) = preSolution
		{EC59FF1D-6DAB-4657-8FB5-3CA104777B44} = {AB6A002F-D261-4596-9604-EFECAFA69C5E}
		{2ED5DB88-3674-466E-9615-4E846E9158CF} = {AB6A002F-D261-4596-9604-EFECAFA69C5E}
		{1B75BF68-8534-4569-9481-E00FC6E59068} = {AB6A002F-D261-4596-9604-EFECAFA69C5E}
		{E5153561-5376-4003-BD02-CA278C4FE87C} = {38103A9E-37CB-4FAD-9C3D-3F5049EA2386}
		{10741086-6640-486D-9719-478C5CCF1013} = {38103A9E-37CB-4FAD-9C3D-3F5049EA2386}
		{B6978A20-FB6F-440A-8A31-EEE5876C8F01} = {38103A9E-37CB-4FAD-9C3D-3F5049EA2386}
	EndGlobalSection
EndGlobal
